
Microsoft Visual Studio Solution File, Format Version 12.00
# Visual Studio Version 17
VisualStudioVersion = 17.11.35208.52
MinimumVisualStudioVersion = 10.0.40219.1
Project("{FAE04EC0-301F-11D3-BF4B-00C04F79EFBC}") = "WindowsFromContact-PresentaionLayer", "WindowsFromContact-PresentaionLayer.csproj", "{784C48D1-C430-4B24-A7F5-75C3F4364CB8}"
EndProject
Project("{FAE04EC0-301F-11D3-BF4B-00C04F79EFBC}") = "BusinessLayer", "..\BusinessLayer\BusinessLayer.csproj", "{34331FC3-DD72-4D45-B139-E5B56CF44C64}"
EndProject
Project("{FAE04EC0-301F-11D3-BF4B-00C04F79EFBC}") = "DataAccess", "..\DataAccess\DataAccess.csproj", "{0DCF9675-2C91-4DFE-978F-4038D4295BEA}"
EndProject
Global
	GlobalSection(SolutionConfigurationPlatforms) = preSolution
		Debug|Any CPU = Debug|Any CPU
		Release|Any CPU = Release|Any CPU
	EndGlobalSection
	GlobalSection(ProjectConfigurationPlatforms) = postSolution
		{784C48D1-C430-4B24-A7F5-75C3F4364CB8}.Debug|Any CPU.ActiveCfg = Debug|Any CPU
		{784C48D1-C430-4B24-A7F5-75C3F4364CB8}.Debug|Any CPU.Build.0 = Debug|Any CPU
		{784C48D1-C430-4B24-A7F5-75C3F4364CB8}.Release|Any CPU.ActiveCfg = Release|Any CPU
		{784C48D1-C430-4B24-A7F5-75C3F4364CB8}.Release|Any CPU.Build.0 = Release|Any CPU
		{34331FC3-DD72-4D45-B139-E5B56CF44C64}.Debug|Any CPU.ActiveCfg = Debug|Any CPU
		{34331FC3-DD72-4D45-B139-E5B56CF44C64}.Debug|Any CPU.Build.0 = Debug|Any CPU
		{34331FC3-DD72-4D45-B139-E5B56CF44C64}.Release|Any CPU.ActiveCfg = Release|Any CPU
		{34331FC3-DD72-4D45-B139-E5B56CF44C64}.Release|Any CPU.Build.0 = Release|Any CPU
		{0DCF9675-2C91-4DFE-978F-4038D4295BEA}.Debug|Any CPU.ActiveCfg = Debug|Any CPU
		{0DCF9675-2C91-4DFE-978F-4038D4295BEA}.Debug|Any CPU.Build.0 = Debug|Any CPU
		{0DCF9675-2C91-4DFE-978F-4038D4295BEA}.Release|Any CPU.ActiveCfg = Release|Any CPU
		{0DCF9675-2C91-4DFE-978F-4038D4295BEA}.Release|Any CPU.Build.0 = Release|Any CPU
	EndGlobalSection
	GlobalSection(SolutionProperties) = preSolution
		HideSolutionNode = FALSE
	EndGlobalSection
	GlobalSection(ExtensibilityGlobals) = postSolution
		SolutionGuid = {E6CC7A8C-03A3-4889-B603-AFB740911B27}
	EndGlobalSection
EndGlobal
